{
    "_readme": [
        "This file locks the dependencies of your project to a known state",
        "Read more about it at https://getcomposer.org/doc/01-basic-usage.md#composer-lock-the-lock-file",
        "This file is @generated automatically"
    ],
    "hash": "195a57cc020c0426e86ea3f606870a21",
    "content-hash": "fb87cf26787bdc8d2e34b0b5fcd54897",
    "packages": [
        {
            "name": "myok/aliyun-dysms-php-sdk",
            "version": "v3.0",
            "source": {
                "type": "git",
                "url": "https://github.com/MyOK/AliYunSms.git",
                "reference": "56f756dd6b683244c4bce4de456a60223dc221b1"
            },
            "dist": {
                "type": "zip",
                "url": "https://api.github.com/repos/MyOK/AliYunSms/zipball/56f756dd6b683244c4bce4de456a60223dc221b1",
                "reference": "56f756dd6b683244c4bce4de456a60223dc221b1",
                "shasum": ""
            },
            "require": {
                "php": ">=5.5.0"
            },
            "type": "library",
            "autoload": {
                "psr-4": {
                    "Aliyun\\": "lib/"
                }
            },
            "notification-url": "https://packagist.org/downloads/",
            "time": "2018-06-12 06:15:15"
        }
    ],
    "packages-dev": [],
    "aliases": [],
    "minimum-stability": "stable",
    "stability-flags": [],
    "prefer-stable": false,
    "prefer-lowest": false,
    "platform": {
        "php": ">=5.5.0"
    },
    "platform-dev": []
}
